
Microsoft Visual Studio Solution File, Format Version 12.00
# Visual Studio Version 16
VisualStudioVersion = 16.0.30011.22
MinimumVisualStudioVersion = 10.0.40219.1
Project("{2150E333-8FDC-42A3-9474-1A3956D46DE8}") = "docs", "docs", "{4ED0E8DB-8A5B-4DF0-9CB1-995D97A04B88}"
	ProjectSection(SolutionItems) = preProject
		docs\api-client.md = docs\api-client.md
		docs\binaries.md = docs\binaries.md
		docs\changelog.md = docs\changelog.md
		docs\client-side-encryption.md = docs\client-side-encryption.md
		docs\component-diagram.md = docs\component-diagram.md
		docs\container-diagram.md = docs\container-diagram.md
		docs\corporate-branding.md = docs\corporate-branding.md
		docs\deployment-diagram.md = docs\deployment-diagram.md
		docs\documentation-arc42.md = docs\documentation-arc42.md
		docs\documentation-structurizr.md = docs\documentation-structurizr.md
		docs\documentation-viewpoints-and-perspectives.md = docs\documentation-viewpoints-and-perspectives.md
		docs\documentation.md = docs\documentation.md
		docs\dynamic-diagram.md = docs\dynamic-diagram.md
		docs\enterprise-context-diagram.md = docs\enterprise-context-diagram.md
		docs\filtered-views.md = docs\filtered-views.md
		docs\getting-started.md = docs\getting-started.md
		docs\health-checks.md = docs\health-checks.md
		docs\nuget.md = docs\nuget.md
		README.md = README.md
		docs\styling-elements.md = docs\styling-elements.md
		docs\styling-relationships.md = docs\styling-relationships.md
		docs\system-context-diagram.md = docs\system-context-diagram.md
	EndProjectSection
EndProject
Project("{9A19103F-16F7-4668-BE54-9A1E7A4F7556}") = "Structurizr.Core", "Structurizr.Core\Structurizr.Core.csproj", "{2F8E45CF-19B0-4B49-B7C7-5A3F25A993BD}"
EndProject
Project("{9A19103F-16F7-4668-BE54-9A1E7A4F7556}") = "Structurizr.Core.Tests", "Structurizr.Core.Tests\Structurizr.Core.Tests.csproj", "{349666B0-A760-4F3D-9D10-BE5E90C4A5E7}"
EndProject
Project("{9A19103F-16F7-4668-BE54-9A1E7A4F7556}") = "Structurizr.Examples", "Structurizr.Examples\Structurizr.Examples.csproj", "{9BE0761B-F666-4691-9CF7-15CF6E911E17}"
EndProject
Project("{9A19103F-16F7-4668-BE54-9A1E7A4F7556}") = "Structurizr.Client", "Structurizr.Client\Structurizr.Client.csproj", "{5A35FC5E-28E2-4534-9921-DA2AA1259FFA}"
EndProject
Project("{9A19103F-16F7-4668-BE54-9A1E7A4F7556}") = "Structurizr.Client.Tests", "Structurizr.Client.Tests\Structurizr.Client.Tests.csproj", "{833AD46A-DCE2-4D83-9D74-BF67BBE4396E}"
EndProject
Project("{2150E333-8FDC-42A3-9474-1A3956D46DE8}") = "images", "images", "{4FBA617C-1ED8-411B-AE3D-3723BD77A7A2}"
	ProjectSection(SolutionItems) = preProject
		docs\images\basic-concepts.png = docs\images\basic-concepts.png
		docs\images\component-diagram-1.png = docs\images\component-diagram-1.png
		docs\images\container-diagram-1.png = docs\images\container-diagram-1.png
		docs\images\corporate-branding-1.png = docs\images\corporate-branding-1.png
		docs\images\corporate-branding-2.png = docs\images\corporate-branding-2.png
		docs\images\corporate-branding-3.png = docs\images\corporate-branding-3.png
		docs\images\corporate-branding-4.png = docs\images\corporate-branding-4.png
		docs\images\deployment-diagram-1.png = docs\images\deployment-diagram-1.png
		docs\images\documentation-1.png = docs\images\documentation-1.png
		docs\images\documentation-2.png = docs\images\documentation-2.png
		docs\images\documentation-3.png = docs\images\documentation-3.png
		docs\images\dynamic-diagram-1.png = docs\images\dynamic-diagram-1.png
		docs\images\enterprise-context-diagram-1.png = docs\images\enterprise-context-diagram-1.png
		docs\images\filtered-views-1.png = docs\images\filtered-views-1.png
		docs\images\filtered-views-2.png = docs\images\filtered-views-2.png
		docs\images\getting-started-diagram-key.png = docs\images\getting-started-diagram-key.png
		docs\images\getting-started.png = docs\images\getting-started.png
		docs\images\structurizr-banner.png = docs\images\structurizr-banner.png
		docs\images\structurizr-overview.png = docs\images\structurizr-overview.png
		docs\images\styling-elements-1.png = docs\images\styling-elements-1.png
		docs\images\styling-elements-2.png = docs\images\styling-elements-2.png
		docs\images\styling-elements-3.png = docs\images\styling-elements-3.png
		docs\images\styling-elements-4.png = docs\images\styling-elements-4.png
		docs\images\styling-elements-5.png = docs\images\styling-elements-5.png
		docs\images\styling-elements-6.png = docs\images\styling-elements-6.png
		docs\images\styling-relationships-1.png = docs\images\styling-relationships-1.png
		docs\images\styling-relationships-2.png = docs\images\styling-relationships-2.png
		docs\images\styling-relationships-3.png = docs\images\styling-relationships-3.png
		docs\images\styling-relationships-4.png = docs\images\styling-relationships-4.png
		docs\images\system-context-diagram-1.png = docs\images\system-context-diagram-1.png
	EndProjectSection
EndProject
Project("{2150E333-8FDC-42A3-9474-1A3956D46DE8}") = "etc", "etc", "{043B24B2-2120-48D9-91B1-8BB426C1C369}"
	ProjectSection(SolutionItems) = preProject
		appveyor.yml = appveyor.yml
	EndProjectSection
EndProject
Global
	GlobalSection(SolutionConfigurationPlatforms) = preSolution
		Atlanta|.NET = Atlanta|.NET
		Atlanta|Any CPU = Atlanta|Any CPU
		Atlanta|Mixed Platforms = Atlanta|Mixed Platforms
		Atlanta|x64 = Atlanta|x64
		Atlanta|x86 = Atlanta|x86
		Debug|.NET = Debug|.NET
		Debug|Any CPU = Debug|Any CPU
		Debug|Mixed Platforms = Debug|Mixed Platforms
		Debug|x64 = Debug|x64
		Debug|x86 = Debug|x86
		Invitation,Web.Invitation,InvitationImport|.NET = Invitation,Web.Invitation,InvitationImport|.NET
		Invitation,Web.Invitation,InvitationImport|Any CPU = Invitation,Web.Invitation,InvitationImport|Any CPU
		Invitation,Web.Invitation,InvitationImport|Mixed Platforms = Invitation,Web.Invitation,InvitationImport|Mixed Platforms
		Invitation,Web.Invitation,InvitationImport|x64 = Invitation,Web.Invitation,InvitationImport|x64
		Invitation,Web.Invitation,InvitationImport|x86 = Invitation,Web.Invitation,InvitationImport|x86
		Peter|.NET = Peter|.NET
		Peter|Any CPU = Peter|Any CPU
		Peter|Mixed Platforms = Peter|Mixed Platforms
		Peter|x64 = Peter|x64
		Peter|x86 = Peter|x86
		QA4|.NET = QA4|.NET
		QA4|Any CPU = QA4|Any CPU
		QA4|Mixed Platforms = QA4|Mixed Platforms
		QA4|x64 = QA4|x64
		QA4|x86 = QA4|x86
		QA6|.NET = QA6|.NET
		QA6|Any CPU = QA6|Any CPU
		QA6|Mixed Platforms = QA6|Mixed Platforms
		QA6|x64 = QA6|x64
		QA6|x86 = QA6|x86
		Release|.NET = Release|.NET
		Release|Any CPU = Release|Any CPU
		Release|Mixed Platforms = Release|Mixed Platforms
		Release|x64 = Release|x64
		Release|x86 = Release|x86
		Vince|.NET = Vince|.NET
		Vince|Any CPU = Vince|Any CPU
		Vince|Mixed Platforms = Vince|Mixed Platforms
		Vince|x64 = Vince|x64
		Vince|x86 = Vince|x86
	EndGlobalSection
	GlobalSection(ProjectConfigurationPlatforms) = postSolution
		{2F8E45CF-19B0-4B49-B7C7-5A3F25A993BD}.Atlanta|.NET.ActiveCfg = Release|Any CPU
		{2F8E45CF-19B0-4B49-B7C7-5A3F25A993BD}.Atlanta|.NET.Build.0 = Release|Any CPU
		{2F8E45CF-19B0-4B49-B7C7-5A3F25A993BD}.Atlanta|Any CPU.ActiveCfg = Release|Any CPU
		{2F8E45CF-19B0-4B49-B7C7-5A3F25A993BD}.Atlanta|Any CPU.Build.0 = Release|Any CPU
		{2F8E45CF-19B0-4B49-B7C7-5A3F25A993BD}.Atlanta|Mixed Platforms.ActiveCfg = Release|Any CPU
		{2F8E45CF-19B0-4B49-B7C7-5A3F25A993BD}.Atlanta|Mixed Platforms.Build.0 = Release|Any CPU
		{2F8E45CF-19B0-4B49-B7C7-5A3F25A993BD}.Atlanta|x64.ActiveCfg = Release|Any CPU
		{2F8E45CF-19B0-4B49-B7C7-5A3F25A993BD}.Atlanta|x64.Build.0 = Release|Any CPU
		{2F8E45CF-19B0-4B49-B7C7-5A3F25A993BD}.Atlanta|x86.ActiveCfg = Release|Any CPU
		{2F8E45CF-19B0-4B49-B7C7-5A3F25A993BD}.Atlanta|x86.Build.0 = Release|Any CPU
		{2F8E45CF-19B0-4B49-B7C7-5A3F25A993BD}.Debug|.NET.ActiveCfg = Debug|Any CPU
		{2F8E45CF-19B0-4B49-B7C7-5A3F25A993BD}.Debug|.NET.Build.0 = Debug|Any CPU
		{2F8E45CF-19B0-4B49-B7C7-5A3F25A993BD}.Debug|Any CPU.ActiveCfg = Debug|Any CPU
		{2F8E45CF-19B0-4B49-B7C7-5A3F25A993BD}.Debug|Any CPU.Build.0 = Debug|Any CPU
		{2F8E45CF-19B0-4B49-B7C7-5A3F25A993BD}.Debug|Mixed Platforms.ActiveCfg = Debug|Any CPU
		{2F8E45CF-19B0-4B49-B7C7-5A3F25A993BD}.Debug|Mixed Platforms.Build.0 = Debug|Any CPU
		{2F8E45CF-19B0-4B49-B7C7-5A3F25A993BD}.Debug|x64.ActiveCfg = Debug|Any CPU
		{2F8E45CF-19B0-4B49-B7C7-5A3F25A993BD}.Debug|x64.Build.0 = Debug|Any CPU
		{2F8E45CF-19B0-4B49-B7C7-5A3F25A993BD}.Debug|x86.ActiveCfg = Debug|Any CPU
		{2F8E45CF-19B0-4B49-B7C7-5A3F25A993BD}.Debug|x86.Build.0 = Debug|Any CPU
		{2F8E45CF-19B0-4B49-B7C7-5A3F25A993BD}.Invitation,Web.Invitation,InvitationImport|.NET.ActiveCfg = Release|Any CPU
		{2F8E45CF-19B0-4B49-B7C7-5A3F25A993BD}.Invitation,Web.Invitation,InvitationImport|.NET.Build.0 = Release|Any CPU
		{2F8E45CF-19B0-4B49-B7C7-5A3F25A993BD}.Invitation,Web.Invitation,InvitationImport|Any CPU.ActiveCfg = Release|Any CPU
		{2F8E45CF-19B0-4B49-B7C7-5A3F25A993BD}.Invitation,Web.Invitation,InvitationImport|Any CPU.Build.0 = Release|Any CPU
		{2F8E45CF-19B0-4B49-B7C7-5A3F25A993BD}.Invitation,Web.Invitation,InvitationImport|Mixed Platforms.ActiveCfg = Release|Any CPU
		{2F8E45CF-19B0-4B49-B7C7-5A3F25A993BD}.Invitation,Web.Invitation,InvitationImport|Mixed Platforms.Build.0 = Release|Any CPU
		{2F8E45CF-19B0-4B49-B7C7-5A3F25A993BD}.Invitation,Web.Invitation,InvitationImport|x64.ActiveCfg = Release|Any CPU
		{2F8E45CF-19B0-4B49-B7C7-5A3F25A993BD}.Invitation,Web.Invitation,InvitationImport|x64.Build.0 = Release|Any CPU
		{2F8E45CF-19B0-4B49-B7C7-5A3F25A993BD}.Invitation,Web.Invitation,InvitationImport|x86.ActiveCfg = Release|Any CPU
		{2F8E45CF-19B0-4B49-B7C7-5A3F25A993BD}.Invitation,Web.Invitation,InvitationImport|x86.Build.0 = Release|Any CPU
		{2F8E45CF-19B0-4B49-B7C7-5A3F25A993BD}.Peter|.NET.ActiveCfg = Release|Any CPU
		{2F8E45CF-19B0-4B49-B7C7-5A3F25A993BD}.Peter|.NET.Build.0 = Release|Any CPU
		{2F8E45CF-19B0-4B49-B7C7-5A3F25A993BD}.Peter|Any CPU.ActiveCfg = Release|Any CPU
		{2F8E45CF-19B0-4B49-B7C7-5A3F25A993BD}.Peter|Any CPU.Build.0 = Release|Any CPU
		{2F8E45CF-19B0-4B49-B7C7-5A3F25A993BD}.Peter|Mixed Platforms.ActiveCfg = Release|Any CPU
		{2F8E45CF-19B0-4B49-B7C7-5A3F25A993BD}.Peter|Mixed Platforms.Build.0 = Release|Any CPU
		{2F8E45CF-19B0-4B49-B7C7-5A3F25A993BD}.Peter|x64.ActiveCfg = Release|Any CPU
		{2F8E45CF-19B0-4B49-B7C7-5A3F25A993BD}.Peter|x64.Build.0 = Release|Any CPU
		{2F8E45CF-19B0-4B49-B7C7-5A3F25A993BD}.Peter|x86.ActiveCfg = Release|Any CPU
		{2F8E45CF-19B0-4B49-B7C7-5A3F25A993BD}.Peter|x86.Build.0 = Release|Any CPU
		{2F8E45CF-19B0-4B49-B7C7-5A3F25A993BD}.QA4|.NET.ActiveCfg = Release|Any CPU
		{2F8E45CF-19B0-4B49-B7C7-5A3F25A993BD}.QA4|.NET.Build.0 = Release|Any CPU
		{2F8E45CF-19B0-4B49-B7C7-5A3F25A993BD}.QA4|Any CPU.ActiveCfg = Release|Any CPU
		{2F8E45CF-19B0-4B49-B7C7-5A3F25A993BD}.QA4|Any CPU.Build.0 = Release|Any CPU
		{2F8E45CF-19B0-4B49-B7C7-5A3F25A993BD}.QA4|Mixed Platforms.ActiveCfg = Release|Any CPU
		{2F8E45CF-19B0-4B49-B7C7-5A3F25A993BD}.QA4|Mixed Platforms.Build.0 = Release|Any CPU
		{2F8E45CF-19B0-4B49-B7C7-5A3F25A993BD}.QA4|x64.ActiveCfg = Release|Any CPU
		{2F8E45CF-19B0-4B49-B7C7-5A3F25A993BD}.QA4|x64.Build.0 = Release|Any CPU
		{2F8E45CF-19B0-4B49-B7C7-5A3F25A993BD}.QA4|x86.ActiveCfg = Release|Any CPU
		{2F8E45CF-19B0-4B49-B7C7-5A3F25A993BD}.QA4|x86.Build.0 = Release|Any CPU
		{2F8E45CF-19B0-4B49-B7C7-5A3F25A993BD}.QA6|.NET.ActiveCfg = Release|Any CPU
		{2F8E45CF-19B0-4B49-B7C7-5A3F25A993BD}.QA6|.NET.Build.0 = Release|Any CPU
		{2F8E45CF-19B0-4B49-B7C7-5A3F25A993BD}.QA6|Any CPU.ActiveCfg = Release|Any CPU
		{2F8E45CF-19B0-4B49-B7C7-5A3F25A993BD}.QA6|Any CPU.Build.0 = Release|Any CPU
		{2F8E45CF-19B0-4B49-B7C7-5A3F25A993BD}.QA6|Mixed Platforms.ActiveCfg = Release|Any CPU
		{2F8E45CF-19B0-4B49-B7C7-5A3F25A993BD}.QA6|Mixed Platforms.Build.0 = Release|Any CPU
		{2F8E45CF-19B0-4B49-B7C7-5A3F25A993BD}.QA6|x64.ActiveCfg = Release|Any CPU
		{2F8E45CF-19B0-4B49-B7C7-5A3F25A993BD}.QA6|x64.Build.0 = Release|Any CPU
		{2F8E45CF-19B0-4B49-B7C7-5A3F25A993BD}.QA6|x86.ActiveCfg = Release|Any CPU
		{2F8E45CF-19B0-4B49-B7C7-5A3F25A993BD}.QA6|x86.Build.0 = Release|Any CPU
		{2F8E45CF-19B0-4B49-B7C7-5A3F25A993BD}.Release|.NET.ActiveCfg = Release|Any CPU
		{2F8E45CF-19B0-4B49-B7C7-5A3F25A993BD}.Release|.NET.Build.0 = Release|Any CPU
		{2F8E45CF-19B0-4B49-B7C7-5A3F25A993BD}.Release|Any CPU.ActiveCfg = Release|Any CPU
		{2F8E45CF-19B0-4B49-B7C7-5A3F25A993BD}.Release|Any CPU.Build.0 = Release|Any CPU
		{2F8E45CF-19B0-4B49-B7C7-5A3F25A993BD}.Release|Mixed Platforms.ActiveCfg = Release|Any CPU
		{2F8E45CF-19B0-4B49-B7C7-5A3F25A993BD}.Release|Mixed Platforms.Build.0 = Release|Any CPU
		{2F8E45CF-19B0-4B49-B7C7-5A3F25A993BD}.Release|x64.ActiveCfg = Release|Any CPU
		{2F8E45CF-19B0-4B49-B7C7-5A3F25A993BD}.Release|x64.Build.0 = Release|Any CPU
		{2F8E45CF-19B0-4B49-B7C7-5A3F25A993BD}.Release|x86.ActiveCfg = Release|Any CPU
		{2F8E45CF-19B0-4B49-B7C7-5A3F25A993BD}.Release|x86.Build.0 = Release|Any CPU
		{2F8E45CF-19B0-4B49-B7C7-5A3F25A993BD}.Vince|.NET.ActiveCfg = Release|Any CPU
		{2F8E45CF-19B0-4B49-B7C7-5A3F25A993BD}.Vince|.NET.Build.0 = Release|Any CPU
		{2F8E45CF-19B0-4B49-B7C7-5A3F25A993BD}.Vince|Any CPU.ActiveCfg = Release|Any CPU
		{2F8E45CF-19B0-4B49-B7C7-5A3F25A993BD}.Vince|Any CPU.Build.0 = Release|Any CPU
		{2F8E45CF-19B0-4B49-B7C7-5A3F25A993BD}.Vince|Mixed Platforms.ActiveCfg = Release|Any CPU
		{2F8E45CF-19B0-4B49-B7C7-5A3F25A993BD}.Vince|Mixed Platforms.Build.0 = Release|Any CPU
		{2F8E45CF-19B0-4B49-B7C7-5A3F25A993BD}.Vince|x64.ActiveCfg = Release|Any CPU
		{2F8E45CF-19B0-4B49-B7C7-5A3F25A993BD}.Vince|x64.Build.0 = Release|Any CPU
		{2F8E45CF-19B0-4B49-B7C7-5A3F25A993BD}.Vince|x86.ActiveCfg = Release|Any CPU
		{2F8E45CF-19B0-4B49-B7C7-5A3F25A993BD}.Vince|x86.Build.0 = Release|Any CPU
		{349666B0-A760-4F3D-9D10-BE5E90C4A5E7}.Atlanta|.NET.ActiveCfg = Release|Any CPU
		{349666B0-A760-4F3D-9D10-BE5E90C4A5E7}.Atlanta|.NET.Build.0 = Release|Any CPU
		{349666B0-A760-4F3D-9D10-BE5E90C4A5E7}.Atlanta|Any CPU.ActiveCfg = Release|Any CPU
		{349666B0-A760-4F3D-9D10-BE5E90C4A5E7}.Atlanta|Any CPU.Build.0 = Release|Any CPU
		{349666B0-A760-4F3D-9D10-BE5E90C4A5E7}.Atlanta|Mixed Platforms.ActiveCfg = Release|Any CPU
		{349666B0-A760-4F3D-9D10-BE5E90C4A5E7}.Atlanta|Mixed Platforms.Build.0 = Release|Any CPU
		{349666B0-A760-4F3D-9D10-BE5E90C4A5E7}.Atlanta|x64.ActiveCfg = Release|Any CPU
		{349666B0-A760-4F3D-9D10-BE5E90C4A5E7}.Atlanta|x64.Build.0 = Release|Any CPU
		{349666B0-A760-4F3D-9D10-BE5E90C4A5E7}.Atlanta|x86.ActiveCfg = Release|Any CPU
		{349666B0-A760-4F3D-9D10-BE5E90C4A5E7}.Atlanta|x86.Build.0 = Release|Any CPU
		{349666B0-A760-4F3D-9D10-BE5E90C4A5E7}.Debug|.NET.ActiveCfg = Debug|Any CPU
		{349666B0-A760-4F3D-9D10-BE5E90C4A5E7}.Debug|.NET.Build.0 = Debug|Any CPU
		{349666B0-A760-4F3D-9D10-BE5E90C4A5E7}.Debug|Any CPU.ActiveCfg = Debug|Any CPU
		{349666B0-A760-4F3D-9D10-BE5E90C4A5E7}.Debug|Any CPU.Build.0 = Debug|Any CPU
		{349666B0-A760-4F3D-9D10-BE5E90C4A5E7}.Debug|Mixed Platforms.ActiveCfg = Debug|Any CPU
		{349666B0-A760-4F3D-9D10-BE5E90C4A5E7}.Debug|Mixed Platforms.Build.0 = Debug|Any CPU
		{349666B0-A760-4F3D-9D10-BE5E90C4A5E7}.Debug|x64.ActiveCfg = Debug|Any CPU
		{349666B0-A760-4F3D-9D10-BE5E90C4A5E7}.Debug|x64.Build.0 = Debug|Any CPU
		{349666B0-A760-4F3D-9D10-BE5E90C4A5E7}.Debug|x86.ActiveCfg = Debug|Any CPU
		{349666B0-A760-4F3D-9D10-BE5E90C4A5E7}.Debug|x86.Build.0 = Debug|Any CPU
		{349666B0-A760-4F3D-9D10-BE5E90C4A5E7}.Invitation,Web.Invitation,InvitationImport|.NET.ActiveCfg = Release|Any CPU
		{349666B0-A760-4F3D-9D10-BE5E90C4A5E7}.Invitation,Web.Invitation,InvitationImport|.NET.Build.0 = Release|Any CPU
		{349666B0-A760-4F3D-9D10-BE5E90C4A5E7}.Invitation,Web.Invitation,InvitationImport|Any CPU.ActiveCfg = Release|Any CPU
		{349666B0-A760-4F3D-9D10-BE5E90C4A5E7}.Invitation,Web.Invitation,InvitationImport|Any CPU.Build.0 = Release|Any CPU
		{349666B0-A760-4F3D-9D10-BE5E90C4A5E7}.Invitation,Web.Invitation,InvitationImport|Mixed Platforms.ActiveCfg = Release|Any CPU
		{349666B0-A760-4F3D-9D10-BE5E90C4A5E7}.Invitation,Web.Invitation,InvitationImport|Mixed Platforms.Build.0 = Release|Any CPU
		{349666B0-A760-4F3D-9D10-BE5E90C4A5E7}.Invitation,Web.Invitation,InvitationImport|x64.ActiveCfg = Release|Any CPU
		{349666B0-A760-4F3D-9D10-BE5E90C4A5E7}.Invitation,Web.Invitation,InvitationImport|x64.Build.0 = Release|Any CPU
		{349666B0-A760-4F3D-9D10-BE5E90C4A5E7}.Invitation,Web.Invitation,InvitationImport|x86.ActiveCfg = Release|Any CPU
		{349666B0-A760-4F3D-9D10-BE5E90C4A5E7}.Invitation,Web.Invitation,InvitationImport|x86.Build.0 = Release|Any CPU
		{349666B0-A760-4F3D-9D10-BE5E90C4A5E7}.Peter|.NET.ActiveCfg = Release|Any CPU
		{349666B0-A760-4F3D-9D10-BE5E90C4A5E7}.Peter|.NET.Build.0 = Release|Any CPU
		{349666B0-A760-4F3D-9D10-BE5E90C4A5E7}.Peter|Any CPU.ActiveCfg = Release|Any CPU
		{349666B0-A760-4F3D-9D10-BE5E90C4A5E7}.Peter|Any CPU.Build.0 = Release|Any CPU
		{349666B0-A760-4F3D-9D10-BE5E90C4A5E7}.Peter|Mixed Platforms.ActiveCfg = Release|Any CPU
		{349666B0-A760-4F3D-9D10-BE5E90C4A5E7}.Peter|Mixed Platforms.Build.0 = Release|Any CPU
		{349666B0-A760-4F3D-9D10-BE5E90C4A5E7}.Peter|x64.ActiveCfg = Release|Any CPU
		{349666B0-A760-4F3D-9D10-BE5E90C4A5E7}.Peter|x64.Build.0 = Release|Any CPU
		{349666B0-A760-4F3D-9D10-BE5E90C4A5E7}.Peter|x86.ActiveCfg = Release|Any CPU
		{349666B0-A760-4F3D-9D10-BE5E90C4A5E7}.Peter|x86.Build.0 = Release|Any CPU
		{349666B0-A760-4F3D-9D10-BE5E90C4A5E7}.QA4|.NET.ActiveCfg = Release|Any CPU
		{349666B0-A760-4F3D-9D10-BE5E90C4A5E7}.QA4|.NET.Build.0 = Release|Any CPU
		{349666B0-A760-4F3D-9D10-BE5E90C4A5E7}.QA4|Any CPU.ActiveCfg = Release|Any CPU
		{349666B0-A760-4F3D-9D10-BE5E90C4A5E7}.QA4|Any CPU.Build.0 = Release|Any CPU
		{349666B0-A760-4F3D-9D10-BE5E90C4A5E7}.QA4|Mixed Platforms.ActiveCfg = Release|Any CPU
		{349666B0-A760-4F3D-9D10-BE5E90C4A5E7}.QA4|Mixed Platforms.Build.0 = Release|Any CPU
		{349666B0-A760-4F3D-9D10-BE5E90C4A5E7}.QA4|x64.ActiveCfg = Release|Any CPU
		{349666B0-A760-4F3D-9D10-BE5E90C4A5E7}.QA4|x64.Build.0 = Release|Any CPU
		{349666B0-A760-4F3D-9D10-BE5E90C4A5E7}.QA4|x86.ActiveCfg = Release|Any CPU
		{349666B0-A760-4F3D-9D10-BE5E90C4A5E7}.QA4|x86.Build.0 = Release|Any CPU
		{349666B0-A760-4F3D-9D10-BE5E90C4A5E7}.QA6|.NET.ActiveCfg = Release|Any CPU
		{349666B0-A760-4F3D-9D10-BE5E90C4A5E7}.QA6|.NET.Build.0 = Release|Any CPU
		{349666B0-A760-4F3D-9D10-BE5E90C4A5E7}.QA6|Any CPU.ActiveCfg = Release|Any CPU
		{349666B0-A760-4F3D-9D10-BE5E90C4A5E7}.QA6|Any CPU.Build.0 = Release|Any CPU
		{349666B0-A760-4F3D-9D10-BE5E90C4A5E7}.QA6|Mixed Platforms.ActiveCfg = Release|Any CPU
		{349666B0-A760-4F3D-9D10-BE5E90C4A5E7}.QA6|Mixed Platforms.Build.0 = Release|Any CPU
		{349666B0-A760-4F3D-9D10-BE5E90C4A5E7}.QA6|x64.ActiveCfg = Release|Any CPU
		{349666B0-A760-4F3D-9D10-BE5E90C4A5E7}.QA6|x64.Build.0 = Release|Any CPU
		{349666B0-A760-4F3D-9D10-BE5E90C4A5E7}.QA6|x86.ActiveCfg = Release|Any CPU
		{349666B0-A760-4F3D-9D10-BE5E90C4A5E7}.QA6|x86.Build.0 = Release|Any CPU
		{349666B0-A760-4F3D-9D10-BE5E90C4A5E7}.Release|.NET.ActiveCfg = Release|Any CPU
		{349666B0-A760-4F3D-9D10-BE5E90C4A5E7}.Release|.NET.Build.0 = Release|Any CPU
		{349666B0-A760-4F3D-9D10-BE5E90C4A5E7}.Release|Any CPU.ActiveCfg = Release|Any CPU
		{349666B0-A760-4F3D-9D10-BE5E90C4A5E7}.Release|Any CPU.Build.0 = Release|Any CPU
		{349666B0-A760-4F3D-9D10-BE5E90C4A5E7}.Release|Mixed Platforms.ActiveCfg = Release|Any CPU
		{349666B0-A760-4F3D-9D10-BE5E90C4A5E7}.Release|Mixed Platforms.Build.0 = Release|Any CPU
		{349666B0-A760-4F3D-9D10-BE5E90C4A5E7}.Release|x64.ActiveCfg = Release|Any CPU
		{349666B0-A760-4F3D-9D10-BE5E90C4A5E7}.Release|x64.Build.0 = Release|Any CPU
		{349666B0-A760-4F3D-9D10-BE5E90C4A5E7}.Release|x86.ActiveCfg = Release|Any CPU
		{349666B0-A760-4F3D-9D10-BE5E90C4A5E7}.Release|x86.Build.0 = Release|Any CPU
		{349666B0-A760-4F3D-9D10-BE5E90C4A5E7}.Vince|.NET.ActiveCfg = Release|Any CPU
		{349666B0-A760-4F3D-9D10-BE5E90C4A5E7}.Vince|.NET.Build.0 = Release|Any CPU
		{349666B0-A760-4F3D-9D10-BE5E90C4A5E7}.Vince|Any CPU.ActiveCfg = Release|Any CPU
		{349666B0-A760-4F3D-9D10-BE5E90C4A5E7}.Vince|Any CPU.Build.0 = Release|Any CPU
		{349666B0-A760-4F3D-9D10-BE5E90C4A5E7}.Vince|Mixed Platforms.ActiveCfg = Release|Any CPU
		{349666B0-A760-4F3D-9D10-BE5E90C4A5E7}.Vince|Mixed Platforms.Build.0 = Release|Any CPU
		{349666B0-A760-4F3D-9D10-BE5E90C4A5E7}.Vince|x64.ActiveCfg = Release|Any CPU
		{349666B0-A760-4F3D-9D10-BE5E90C4A5E7}.Vince|x64.Build.0 = Release|Any CPU
		{349666B0-A760-4F3D-9D10-BE5E90C4A5E7}.Vince|x86.ActiveCfg = Release|Any CPU
		{349666B0-A760-4F3D-9D10-BE5E90C4A5E7}.Vince|x86.Build.0 = Release|Any CPU
		{9BE0761B-F666-4691-9CF7-15CF6E911E17}.Atlanta|.NET.ActiveCfg = Release|Any CPU
		{9BE0761B-F666-4691-9CF7-15CF6E911E17}.Atlanta|.NET.Build.0 = Release|Any CPU
		{9BE0761B-F666-4691-9CF7-15CF6E911E17}.Atlanta|Any CPU.ActiveCfg = Release|Any CPU
		{9BE0761B-F666-4691-9CF7-15CF6E911E17}.Atlanta|Any CPU.Build.0 = Release|Any CPU
		{9BE0761B-F666-4691-9CF7-15CF6E911E17}.Atlanta|Mixed Platforms.ActiveCfg = Release|Any CPU
		{9BE0761B-F666-4691-9CF7-15CF6E911E17}.Atlanta|Mixed Platforms.Build.0 = Release|Any CPU
		{9BE0761B-F666-4691-9CF7-15CF6E911E17}.Atlanta|x64.ActiveCfg = Release|Any CPU
		{9BE0761B-F666-4691-9CF7-15CF6E911E17}.Atlanta|x64.Build.0 = Release|Any CPU
		{9BE0761B-F666-4691-9CF7-15CF6E911E17}.Atlanta|x86.ActiveCfg = Release|Any CPU
		{9BE0761B-F666-4691-9CF7-15CF6E911E17}.Atlanta|x86.Build.0 = Release|Any CPU
		{9BE0761B-F666-4691-9CF7-15CF6E911E17}.Debug|.NET.ActiveCfg = Debug|Any CPU
		{9BE0761B-F666-4691-9CF7-15CF6E911E17}.Debug|.NET.Build.0 = Debug|Any CPU
		{9BE0761B-F666-4691-9CF7-15CF6E911E17}.Debug|Any CPU.ActiveCfg = Debug|Any CPU
		{9BE0761B-F666-4691-9CF7-15CF6E911E17}.Debug|Any CPU.Build.0 = Debug|Any CPU
		{9BE0761B-F666-4691-9CF7-15CF6E911E17}.Debug|Mixed Platforms.ActiveCfg = Debug|Any CPU
		{9BE0761B-F666-4691-9CF7-15CF6E911E17}.Debug|Mixed Platforms.Build.0 = Debug|Any CPU
		{9BE0761B-F666-4691-9CF7-15CF6E911E17}.Debug|x64.ActiveCfg = Debug|Any CPU
		{9BE0761B-F666-4691-9CF7-15CF6E911E17}.Debug|x64.Build.0 = Debug|Any CPU
		{9BE0761B-F666-4691-9CF7-15CF6E911E17}.Debug|x86.ActiveCfg = Debug|Any CPU
		{9BE0761B-F666-4691-9CF7-15CF6E911E17}.Debug|x86.Build.0 = Debug|Any CPU
		{9BE0761B-F666-4691-9CF7-15CF6E911E17}.Invitation,Web.Invitation,InvitationImport|.NET.ActiveCfg = Release|Any CPU
		{9BE0761B-F666-4691-9CF7-15CF6E911E17}.Invitation,Web.Invitation,InvitationImport|.NET.Build.0 = Release|Any CPU
		{9BE0761B-F666-4691-9CF7-15CF6E911E17}.Invitation,Web.Invitation,InvitationImport|Any CPU.ActiveCfg = Release|Any CPU
		{9BE0761B-F666-4691-9CF7-15CF6E911E17}.Invitation,Web.Invitation,InvitationImport|Any CPU.Build.0 = Release|Any CPU
		{9BE0761B-F666-4691-9CF7-15CF6E911E17}.Invitation,Web.Invitation,InvitationImport|Mixed Platforms.ActiveCfg = Release|Any CPU
		{9BE0761B-F666-4691-9CF7-15CF6E911E17}.Invitation,Web.Invitation,InvitationImport|Mixed Platforms.Build.0 = Release|Any CPU
		{9BE0761B-F666-4691-9CF7-15CF6E911E17}.Invitation,Web.Invitation,InvitationImport|x64.ActiveCfg = Release|Any CPU
		{9BE0761B-F666-4691-9CF7-15CF6E911E17}.Invitation,Web.Invitation,InvitationImport|x64.Build.0 = Release|Any CPU
		{9BE0761B-F666-4691-9CF7-15CF6E911E17}.Invitation,Web.Invitation,InvitationImport|x86.ActiveCfg = Release|Any CPU
		{9BE0761B-F666-4691-9CF7-15CF6E911E17}.Invitation,Web.Invitation,InvitationImport|x86.Build.0 = Release|Any CPU
		{9BE0761B-F666-4691-9CF7-15CF6E911E17}.Peter|.NET.ActiveCfg = Release|Any CPU
		{9BE0761B-F666-4691-9CF7-15CF6E911E17}.Peter|.NET.Build.0 = Release|Any CPU
		{9BE0761B-F666-4691-9CF7-15CF6E911E17}.Peter|Any CPU.ActiveCfg = Release|Any CPU
		{9BE0761B-F666-4691-9CF7-15CF6E911E17}.Peter|Any CPU.Build.0 = Release|Any CPU
		{9BE0761B-F666-4691-9CF7-15CF6E911E17}.Peter|Mixed Platforms.ActiveCfg = Release|Any CPU
		{9BE0761B-F666-4691-9CF7-15CF6E911E17}.Peter|Mixed Platforms.Build.0 = Release|Any CPU
		{9BE0761B-F666-4691-9CF7-15CF6E911E17}.Peter|x64.ActiveCfg = Release|Any CPU
		{9BE0761B-F666-4691-9CF7-15CF6E911E17}.Peter|x64.Build.0 = Release|Any CPU
		{9BE0761B-F666-4691-9CF7-15CF6E911E17}.Peter|x86.ActiveCfg = Release|Any CPU
		{9BE0761B-F666-4691-9CF7-15CF6E911E17}.Peter|x86.Build.0 = Release|Any CPU
		{9BE0761B-F666-4691-9CF7-15CF6E911E17}.QA4|.NET.ActiveCfg = Release|Any CPU
		{9BE0761B-F666-4691-9CF7-15CF6E911E17}.QA4|.NET.Build.0 = Release|Any CPU
		{9BE0761B-F666-4691-9CF7-15CF6E911E17}.QA4|Any CPU.ActiveCfg = Release|Any CPU
		{9BE0761B-F666-4691-9CF7-15CF6E911E17}.QA4|Any CPU.Build.0 = Release|Any CPU
		{9BE0761B-F666-4691-9CF7-15CF6E911E17}.QA4|Mixed Platforms.ActiveCfg = Release|Any CPU
		{9BE0761B-F666-4691-9CF7-15CF6E911E17}.QA4|Mixed Platforms.Build.0 = Release|Any CPU
		{9BE0761B-F666-4691-9CF7-15CF6E911E17}.QA4|x64.ActiveCfg = Release|Any CPU
		{9BE0761B-F666-4691-9CF7-15CF6E911E17}.QA4|x64.Build.0 = Release|Any CPU
		{9BE0761B-F666-4691-9CF7-15CF6E911E17}.QA4|x86.ActiveCfg = Release|Any CPU
		{9BE0761B-F666-4691-9CF7-15CF6E911E17}.QA4|x86.Build.0 = Release|Any CPU
		{9BE0761B-F666-4691-9CF7-15CF6E911E17}.QA6|.NET.ActiveCfg = Release|Any CPU
		{9BE0761B-F666-4691-9CF7-15CF6E911E17}.QA6|.NET.Build.0 = Release|Any CPU
		{9BE0761B-F666-4691-9CF7-15CF6E911E17}.QA6|Any CPU.ActiveCfg = Release|Any CPU
		{9BE0761B-F666-4691-9CF7-15CF6E911E17}.QA6|Any CPU.Build.0 = Release|Any CPU
		{9BE0761B-F666-4691-9CF7-15CF6E911E17}.QA6|Mixed Platforms.ActiveCfg = Release|Any CPU
		{9BE0761B-F666-4691-9CF7-15CF6E911E17}.QA6|Mixed Platforms.Build.0 = Release|Any CPU
		{9BE0761B-F666-4691-9CF7-15CF6E911E17}.QA6|x64.ActiveCfg = Release|Any CPU
		{9BE0761B-F666-4691-9CF7-15CF6E911E17}.QA6|x64.Build.0 = Release|Any CPU
		{9BE0761B-F666-4691-9CF7-15CF6E911E17}.QA6|x86.ActiveCfg = Release|Any CPU
		{9BE0761B-F666-4691-9CF7-15CF6E911E17}.QA6|x86.Build.0 = Release|Any CPU
		{9BE0761B-F666-4691-9CF7-15CF6E911E17}.Release|.NET.ActiveCfg = Release|Any CPU
		{9BE0761B-F666-4691-9CF7-15CF6E911E17}.Release|.NET.Build.0 = Release|Any CPU
		{9BE0761B-F666-4691-9CF7-15CF6E911E17}.Release|Any CPU.ActiveCfg = Release|Any CPU
		{9BE0761B-F666-4691-9CF7-15CF6E911E17}.Release|Any CPU.Build.0 = Release|Any CPU
		{9BE0761B-F666-4691-9CF7-15CF6E911E17}.Release|Mixed Platforms.ActiveCfg = Release|Any CPU
		{9BE0761B-F666-4691-9CF7-15CF6E911E17}.Release|Mixed Platforms.Build.0 = Release|Any CPU
		{9BE0761B-F666-4691-9CF7-15CF6E911E17}.Release|x64.ActiveCfg = Release|Any CPU
		{9BE0761B-F666-4691-9CF7-15CF6E911E17}.Release|x64.Build.0 = Release|Any CPU
		{9BE0761B-F666-4691-9CF7-15CF6E911E17}.Release|x86.ActiveCfg = Release|Any CPU
		{9BE0761B-F666-4691-9CF7-15CF6E911E17}.Release|x86.Build.0 = Release|Any CPU
		{9BE0761B-F666-4691-9CF7-15CF6E911E17}.Vince|.NET.ActiveCfg = Release|Any CPU
		{9BE0761B-F666-4691-9CF7-15CF6E911E17}.Vince|.NET.Build.0 = Release|Any CPU
		{9BE0761B-F666-4691-9CF7-15CF6E911E17}.Vince|Any CPU.ActiveCfg = Release|Any CPU
		{9BE0761B-F666-4691-9CF7-15CF6E911E17}.Vince|Any CPU.Build.0 = Release|Any CPU
		{9BE0761B-F666-4691-9CF7-15CF6E911E17}.Vince|Mixed Platforms.ActiveCfg = Release|Any CPU
		{9BE0761B-F666-4691-9CF7-15CF6E911E17}.Vince|Mixed Platforms.Build.0 = Release|Any CPU
		{9BE0761B-F666-4691-9CF7-15CF6E911E17}.Vince|x64.ActiveCfg = Release|Any CPU
		{9BE0761B-F666-4691-9CF7-15CF6E911E17}.Vince|x64.Build.0 = Release|Any CPU
		{9BE0761B-F666-4691-9CF7-15CF6E911E17}.Vince|x86.ActiveCfg = Release|Any CPU
		{9BE0761B-F666-4691-9CF7-15CF6E911E17}.Vince|x86.Build.0 = Release|Any CPU
		{5A35FC5E-28E2-4534-9921-DA2AA1259FFA}.Atlanta|.NET.ActiveCfg = Release|Any CPU
		{5A35FC5E-28E2-4534-9921-DA2AA1259FFA}.Atlanta|.NET.Build.0 = Release|Any CPU
		{5A35FC5E-28E2-4534-9921-DA2AA1259FFA}.Atlanta|Any CPU.ActiveCfg = Release|Any CPU
		{5A35FC5E-28E2-4534-9921-DA2AA1259FFA}.Atlanta|Any CPU.Build.0 = Release|Any CPU
		{5A35FC5E-28E2-4534-9921-DA2AA1259FFA}.Atlanta|Mixed Platforms.ActiveCfg = Release|Any CPU
		{5A35FC5E-28E2-4534-9921-DA2AA1259FFA}.Atlanta|Mixed Platforms.Build.0 = Release|Any CPU
		{5A35FC5E-28E2-4534-9921-DA2AA1259FFA}.Atlanta|x64.ActiveCfg = Release|Any CPU
		{5A35FC5E-28E2-4534-9921-DA2AA1259FFA}.Atlanta|x64.Build.0 = Release|Any CPU
		{5A35FC5E-28E2-4534-9921-DA2AA1259FFA}.Atlanta|x86.ActiveCfg = Release|Any CPU
		{5A35FC5E-28E2-4534-9921-DA2AA1259FFA}.Atlanta|x86.Build.0 = Release|Any CPU
		{5A35FC5E-28E2-4534-9921-DA2AA1259FFA}.Debug|.NET.ActiveCfg = Debug|Any CPU
		{5A35FC5E-28E2-4534-9921-DA2AA1259FFA}.Debug|.NET.Build.0 = Debug|Any CPU
		{5A35FC5E-28E2-4534-9921-DA2AA1259FFA}.Debug|Any CPU.ActiveCfg = Debug|Any CPU
		{5A35FC5E-28E2-4534-9921-DA2AA1259FFA}.Debug|Any CPU.Build.0 = Debug|Any CPU
		{5A35FC5E-28E2-4534-9921-DA2AA1259FFA}.Debug|Mixed Platforms.ActiveCfg = Debug|Any CPU
		{5A35FC5E-28E2-4534-9921-DA2AA1259FFA}.Debug|Mixed Platforms.Build.0 = Debug|Any CPU
		{5A35FC5E-28E2-4534-9921-DA2AA1259FFA}.Debug|x64.ActiveCfg = Debug|Any CPU
		{5A35FC5E-28E2-4534-9921-DA2AA1259FFA}.Debug|x64.Build.0 = Debug|Any CPU
		{5A35FC5E-28E2-4534-9921-DA2AA1259FFA}.Debug|x86.ActiveCfg = Debug|Any CPU
		{5A35FC5E-28E2-4534-9921-DA2AA1259FFA}.Debug|x86.Build.0 = Debug|Any CPU
		{5A35FC5E-28E2-4534-9921-DA2AA1259FFA}.Invitation,Web.Invitation,InvitationImport|.NET.ActiveCfg = Release|Any CPU
		{5A35FC5E-28E2-4534-9921-DA2AA1259FFA}.Invitation,Web.Invitation,InvitationImport|.NET.Build.0 = Release|Any CPU
		{5A35FC5E-28E2-4534-9921-DA2AA1259FFA}.Invitation,Web.Invitation,InvitationImport|Any CPU.ActiveCfg = Release|Any CPU
		{5A35FC5E-28E2-4534-9921-DA2AA1259FFA}.Invitation,Web.Invitation,InvitationImport|Any CPU.Build.0 = Release|Any CPU
		{5A35FC5E-28E2-4534-9921-DA2AA1259FFA}.Invitation,Web.Invitation,InvitationImport|Mixed Platforms.ActiveCfg = Release|Any CPU
		{5A35FC5E-28E2-4534-9921-DA2AA1259FFA}.Invitation,Web.Invitation,InvitationImport|Mixed Platforms.Build.0 = Release|Any CPU
		{5A35FC5E-28E2-4534-9921-DA2AA1259FFA}.Invitation,Web.Invitation,InvitationImport|x64.ActiveCfg = Release|Any CPU
		{5A35FC5E-28E2-4534-9921-DA2AA1259FFA}.Invitation,Web.Invitation,InvitationImport|x64.Build.0 = Release|Any CPU
		{5A35FC5E-28E2-4534-9921-DA2AA1259FFA}.Invitation,Web.Invitation,InvitationImport|x86.ActiveCfg = Release|Any CPU
		{5A35FC5E-28E2-4534-9921-DA2AA1259FFA}.Invitation,Web.Invitation,InvitationImport|x86.Build.0 = Release|Any CPU
		{5A35FC5E-28E2-4534-9921-DA2AA1259FFA}.Peter|.NET.ActiveCfg = Release|Any CPU
		{5A35FC5E-28E2-4534-9921-DA2AA1259FFA}.Peter|.NET.Build.0 = Release|Any CPU
		{5A35FC5E-28E2-4534-9921-DA2AA1259FFA}.Peter|Any CPU.ActiveCfg = Release|Any CPU
		{5A35FC5E-28E2-4534-9921-DA2AA1259FFA}.Peter|Any CPU.Build.0 = Release|Any CPU
		{5A35FC5E-28E2-4534-9921-DA2AA1259FFA}.Peter|Mixed Platforms.ActiveCfg = Release|Any CPU
		{5A35FC5E-28E2-4534-9921-DA2AA1259FFA}.Peter|Mixed Platforms.Build.0 = Release|Any CPU
		{5A35FC5E-28E2-4534-9921-DA2AA1259FFA}.Peter|x64.ActiveCfg = Release|Any CPU
		{5A35FC5E-28E2-4534-9921-DA2AA1259FFA}.Peter|x64.Build.0 = Release|Any CPU
		{5A35FC5E-28E2-4534-9921-DA2AA1259FFA}.Peter|x86.ActiveCfg = Release|Any CPU
		{5A35FC5E-28E2-4534-9921-DA2AA1259FFA}.Peter|x86.Build.0 = Release|Any CPU
		{5A35FC5E-28E2-4534-9921-DA2AA1259FFA}.QA4|.NET.ActiveCfg = Release|Any CPU
		{5A35FC5E-28E2-4534-9921-DA2AA1259FFA}.QA4|.NET.Build.0 = Release|Any CPU
		{5A35FC5E-28E2-4534-9921-DA2AA1259FFA}.QA4|Any CPU.ActiveCfg = Release|Any CPU
		{5A35FC5E-28E2-4534-9921-DA2AA1259FFA}.QA4|Any CPU.Build.0 = Release|Any CPU
		{5A35FC5E-28E2-4534-9921-DA2AA1259FFA}.QA4|Mixed Platforms.ActiveCfg = Release|Any CPU
		{5A35FC5E-28E2-4534-9921-DA2AA1259FFA}.QA4|Mixed Platforms.Build.0 = Release|Any CPU
		{5A35FC5E-28E2-4534-9921-DA2AA1259FFA}.QA4|x64.ActiveCfg = Release|Any CPU
		{5A35FC5E-28E2-4534-9921-DA2AA1259FFA}.QA4|x64.Build.0 = Release|Any CPU
		{5A35FC5E-28E2-4534-9921-DA2AA1259FFA}.QA4|x86.ActiveCfg = Release|Any CPU
		{5A35FC5E-28E2-4534-9921-DA2AA1259FFA}.QA4|x86.Build.0 = Release|Any CPU
		{5A35FC5E-28E2-4534-9921-DA2AA1259FFA}.QA6|.NET.ActiveCfg = Release|Any CPU
		{5A35FC5E-28E2-4534-9921-DA2AA1259FFA}.QA6|.NET.Build.0 = Release|Any CPU
		{5A35FC5E-28E2-4534-9921-DA2AA1259FFA}.QA6|Any CPU.ActiveCfg = Release|Any CPU
		{5A35FC5E-28E2-4534-9921-DA2AA1259FFA}.QA6|Any CPU.Build.0 = Release|Any CPU
		{5A35FC5E-28E2-4534-9921-DA2AA1259FFA}.QA6|Mixed Platforms.ActiveCfg = Release|Any CPU
		{5A35FC5E-28E2-4534-9921-DA2AA1259FFA}.QA6|Mixed Platforms.Build.0 = Release|Any CPU
		{5A35FC5E-28E2-4534-9921-DA2AA1259FFA}.QA6|x64.ActiveCfg = Release|Any CPU
		{5A35FC5E-28E2-4534-9921-DA2AA1259FFA}.QA6|x64.Build.0 = Release|Any CPU
		{5A35FC5E-28E2-4534-9921-DA2AA1259FFA}.QA6|x86.ActiveCfg = Release|Any CPU
		{5A35FC5E-28E2-4534-9921-DA2AA1259FFA}.QA6|x86.Build.0 = Release|Any CPU
		{5A35FC5E-28E2-4534-9921-DA2AA1259FFA}.Release|.NET.ActiveCfg = Release|Any CPU
		{5A35FC5E-28E2-4534-9921-DA2AA1259FFA}.Release|.NET.Build.0 = Release|Any CPU
		{5A35FC5E-28E2-4534-9921-DA2AA1259FFA}.Release|Any CPU.ActiveCfg = Release|Any CPU
		{5A35FC5E-28E2-4534-9921-DA2AA1259FFA}.Release|Any CPU.Build.0 = Release|Any CPU
		{5A35FC5E-28E2-4534-9921-DA2AA1259FFA}.Release|Mixed Platforms.ActiveCfg = Release|Any CPU
		{5A35FC5E-28E2-4534-9921-DA2AA1259FFA}.Release|Mixed Platforms.Build.0 = Release|Any CPU
		{5A35FC5E-28E2-4534-9921-DA2AA1259FFA}.Release|x64.ActiveCfg = Release|Any CPU
		{5A35FC5E-28E2-4534-9921-DA2AA1259FFA}.Release|x64.Build.0 = Release|Any CPU
		{5A35FC5E-28E2-4534-9921-DA2AA1259FFA}.Release|x86.ActiveCfg = Release|Any CPU
		{5A35FC5E-28E2-4534-9921-DA2AA1259FFA}.Release|x86.Build.0 = Release|Any CPU
		{5A35FC5E-28E2-4534-9921-DA2AA1259FFA}.Vince|.NET.ActiveCfg = Release|Any CPU
		{5A35FC5E-28E2-4534-9921-DA2AA1259FFA}.Vince|.NET.Build.0 = Release|Any CPU
		{5A35FC5E-28E2-4534-9921-DA2AA1259FFA}.Vince|Any CPU.ActiveCfg = Release|Any CPU
		{5A35FC5E-28E2-4534-9921-DA2AA1259FFA}.Vince|Any CPU.Build.0 = Release|Any CPU
		{5A35FC5E-28E2-4534-9921-DA2AA1259FFA}.Vince|Mixed Platforms.ActiveCfg = Release|Any CPU
		{5A35FC5E-28E2-4534-9921-DA2AA1259FFA}.Vince|Mixed Platforms.Build.0 = Release|Any CPU
		{5A35FC5E-28E2-4534-9921-DA2AA1259FFA}.Vince|x64.ActiveCfg = Release|Any CPU
		{5A35FC5E-28E2-4534-9921-DA2AA1259FFA}.Vince|x64.Build.0 = Release|Any CPU
		{5A35FC5E-28E2-4534-9921-DA2AA1259FFA}.Vince|x86.ActiveCfg = Release|Any CPU
		{5A35FC5E-28E2-4534-9921-DA2AA1259FFA}.Vince|x86.Build.0 = Release|Any CPU
		{833AD46A-DCE2-4D83-9D74-BF67BBE4396E}.Atlanta|.NET.ActiveCfg = Release|Any CPU
		{833AD46A-DCE2-4D83-9D74-BF67BBE4396E}.Atlanta|.NET.Build.0 = Release|Any CPU
		{833AD46A-DCE2-4D83-9D74-BF67BBE4396E}.Atlanta|Any CPU.ActiveCfg = Release|Any CPU
		{833AD46A-DCE2-4D83-9D74-BF67BBE4396E}.Atlanta|Any CPU.Build.0 = Release|Any CPU
		{833AD46A-DCE2-4D83-9D74-BF67BBE4396E}.Atlanta|Mixed Platforms.ActiveCfg = Release|Any CPU
		{833AD46A-DCE2-4D83-9D74-BF67BBE4396E}.Atlanta|Mixed Platforms.Build.0 = Release|Any CPU
		{833AD46A-DCE2-4D83-9D74-BF67BBE4396E}.Atlanta|x64.ActiveCfg = Release|Any CPU
		{833AD46A-DCE2-4D83-9D74-BF67BBE4396E}.Atlanta|x64.Build.0 = Release|Any CPU
		{833AD46A-DCE2-4D83-9D74-BF67BBE4396E}.Atlanta|x86.ActiveCfg = Release|Any CPU
		{833AD46A-DCE2-4D83-9D74-BF67BBE4396E}.Atlanta|x86.Build.0 = Release|Any CPU
		{833AD46A-DCE2-4D83-9D74-BF67BBE4396E}.Debug|.NET.ActiveCfg = Debug|Any CPU
		{833AD46A-DCE2-4D83-9D74-BF67BBE4396E}.Debug|.NET.Build.0 = Debug|Any CPU
		{833AD46A-DCE2-4D83-9D74-BF67BBE4396E}.Debug|Any CPU.ActiveCfg = Debug|Any CPU
		{833AD46A-DCE2-4D83-9D74-BF67BBE4396E}.Debug|Any CPU.Build.0 = Debug|Any CPU
		{833AD46A-DCE2-4D83-9D74-BF67BBE4396E}.Debug|Mixed Platforms.ActiveCfg = Debug|Any CPU
		{833AD46A-DCE2-4D83-9D74-BF67BBE4396E}.Debug|Mixed Platforms.Build.0 = Debug|Any CPU
		{833AD46A-DCE2-4D83-9D74-BF67BBE4396E}.Debug|x64.ActiveCfg = Debug|Any CPU
		{833AD46A-DCE2-4D83-9D74-BF67BBE4396E}.Debug|x64.Build.0 = Debug|Any CPU
		{833AD46A-DCE2-4D83-9D74-BF67BBE4396E}.Debug|x86.ActiveCfg = Debug|Any CPU
		{833AD46A-DCE2-4D83-9D74-BF67BBE4396E}.Debug|x86.Build.0 = Debug|Any CPU
		{833AD46A-DCE2-4D83-9D74-BF67BBE4396E}.Invitation,Web.Invitation,InvitationImport|.NET.ActiveCfg = Release|Any CPU
		{833AD46A-DCE2-4D83-9D74-BF67BBE4396E}.Invitation,Web.Invitation,InvitationImport|.NET.Build.0 = Release|Any CPU
		{833AD46A-DCE2-4D83-9D74-BF67BBE4396E}.Invitation,Web.Invitation,InvitationImport|Any CPU.ActiveCfg = Release|Any CPU
		{833AD46A-DCE2-4D83-9D74-BF67BBE4396E}.Invitation,Web.Invitation,InvitationImport|Any CPU.Build.0 = Release|Any CPU
		{833AD46A-DCE2-4D83-9D74-BF67BBE4396E}.Invitation,Web.Invitation,InvitationImport|Mixed Platforms.ActiveCfg = Release|Any CPU
		{833AD46A-DCE2-4D83-9D74-BF67BBE4396E}.Invitation,Web.Invitation,InvitationImport|Mixed Platforms.Build.0 = Release|Any CPU
		{833AD46A-DCE2-4D83-9D74-BF67BBE4396E}.Invitation,Web.Invitation,InvitationImport|x64.ActiveCfg = Release|Any CPU
		{833AD46A-DCE2-4D83-9D74-BF67BBE4396E}.Invitation,Web.Invitation,InvitationImport|x64.Build.0 = Release|Any CPU
		{833AD46A-DCE2-4D83-9D74-BF67BBE4396E}.Invitation,Web.Invitation,InvitationImport|x86.ActiveCfg = Release|Any CPU
		{833AD46A-DCE2-4D83-9D74-BF67BBE4396E}.Invitation,Web.Invitation,InvitationImport|x86.Build.0 = Release|Any CPU
		{833AD46A-DCE2-4D83-9D74-BF67BBE4396E}.Peter|.NET.ActiveCfg = Release|Any CPU
		{833AD46A-DCE2-4D83-9D74-BF67BBE4396E}.Peter|.NET.Build.0 = Release|Any CPU
		{833AD46A-DCE2-4D83-9D74-BF67BBE4396E}.Peter|Any CPU.ActiveCfg = Release|Any CPU
		{833AD46A-DCE2-4D83-9D74-BF67BBE4396E}.Peter|Any CPU.Build.0 = Release|Any CPU
		{833AD46A-DCE2-4D83-9D74-BF67BBE4396E}.Peter|Mixed Platforms.ActiveCfg = Release|Any CPU
		{833AD46A-DCE2-4D83-9D74-BF67BBE4396E}.Peter|Mixed Platforms.Build.0 = Release|Any CPU
		{833AD46A-DCE2-4D83-9D74-BF67BBE4396E}.Peter|x64.ActiveCfg = Release|Any CPU
		{833AD46A-DCE2-4D83-9D74-BF67BBE4396E}.Peter|x64.Build.0 = Release|Any CPU
		{833AD46A-DCE2-4D83-9D74-BF67BBE4396E}.Peter|x86.ActiveCfg = Release|Any CPU
		{833AD46A-DCE2-4D83-9D74-BF67BBE4396E}.Peter|x86.Build.0 = Release|Any CPU
		{833AD46A-DCE2-4D83-9D74-BF67BBE4396E}.QA4|.NET.ActiveCfg = Release|Any CPU
		{833AD46A-DCE2-4D83-9D74-BF67BBE4396E}.QA4|.NET.Build.0 = Release|Any CPU
		{833AD46A-DCE2-4D83-9D74-BF67BBE4396E}.QA4|Any CPU.ActiveCfg = Release|Any CPU
		{833AD46A-DCE2-4D83-9D74-BF67BBE4396E}.QA4|Any CPU.Build.0 = Release|Any CPU
		{833AD46A-DCE2-4D83-9D74-BF67BBE4396E}.QA4|Mixed Platforms.ActiveCfg = Release|Any CPU
		{833AD46A-DCE2-4D83-9D74-BF67BBE4396E}.QA4|Mixed Platforms.Build.0 = Release|Any CPU
		{833AD46A-DCE2-4D83-9D74-BF67BBE4396E}.QA4|x64.ActiveCfg = Release|Any CPU
		{833AD46A-DCE2-4D83-9D74-BF67BBE4396E}.QA4|x64.Build.0 = Release|Any CPU
		{833AD46A-DCE2-4D83-9D74-BF67BBE4396E}.QA4|x86.ActiveCfg = Release|Any CPU
		{833AD46A-DCE2-4D83-9D74-BF67BBE4396E}.QA4|x86.Build.0 = Release|Any CPU
		{833AD46A-DCE2-4D83-9D74-BF67BBE4396E}.QA6|.NET.ActiveCfg = Release|Any CPU
		{833AD46A-DCE2-4D83-9D74-BF67BBE4396E}.QA6|.NET.Build.0 = Release|Any CPU
		{833AD46A-DCE2-4D83-9D74-BF67BBE4396E}.QA6|Any CPU.ActiveCfg = Release|Any CPU
		{833AD46A-DCE2-4D83-9D74-BF67BBE4396E}.QA6|Any CPU.Build.0 = Release|Any CPU
		{833AD46A-DCE2-4D83-9D74-BF67BBE4396E}.QA6|Mixed Platforms.ActiveCfg = Release|Any CPU
		{833AD46A-DCE2-4D83-9D74-BF67BBE4396E}.QA6|Mixed Platforms.Build.0 = Release|Any CPU
		{833AD46A-DCE2-4D83-9D74-BF67BBE4396E}.QA6|x64.ActiveCfg = Release|Any CPU
		{833AD46A-DCE2-4D83-9D74-BF67BBE4396E}.QA6|x64.Build.0 = Release|Any CPU
		{833AD46A-DCE2-4D83-9D74-BF67BBE4396E}.QA6|x86.ActiveCfg = Release|Any CPU
		{833AD46A-DCE2-4D83-9D74-BF67BBE4396E}.QA6|x86.Build.0 = Release|Any CPU
		{833AD46A-DCE2-4D83-9D74-BF67BBE4396E}.Release|.NET.ActiveCfg = Release|Any CPU
		{833AD46A-DCE2-4D83-9D74-BF67BBE4396E}.Release|.NET.Build.0 = Release|Any CPU
		{833AD46A-DCE2-4D83-9D74-BF67BBE4396E}.Release|Any CPU.ActiveCfg = Release|Any CPU
		{833AD46A-DCE2-4D83-9D74-BF67BBE4396E}.Release|Any CPU.Build.0 = Release|Any CPU
		{833AD46A-DCE2-4D83-9D74-BF67BBE4396E}.Release|Mixed Platforms.ActiveCfg = Release|Any CPU
		{833AD46A-DCE2-4D83-9D74-BF67BBE4396E}.Release|Mixed Platforms.Build.0 = Release|Any CPU
		{833AD46A-DCE2-4D83-9D74-BF67BBE4396E}.Release|x64.ActiveCfg = Release|Any CPU
		{833AD46A-DCE2-4D83-9D74-BF67BBE4396E}.Release|x64.Build.0 = Release|Any CPU
		{833AD46A-DCE2-4D83-9D74-BF67BBE4396E}.Release|x86.ActiveCfg = Release|Any CPU
		{833AD46A-DCE2-4D83-9D74-BF67BBE4396E}.Release|x86.Build.0 = Release|Any CPU
		{833AD46A-DCE2-4D83-9D74-BF67BBE4396E}.Vince|.NET.ActiveCfg = Release|Any CPU
		{833AD46A-DCE2-4D83-9D74-BF67BBE4396E}.Vince|.NET.Build.0 = Release|Any CPU
		{833AD46A-DCE2-4D83-9D74-BF67BBE4396E}.Vince|Any CPU.ActiveCfg = Release|Any CPU
		{833AD46A-DCE2-4D83-9D74-BF67BBE4396E}.Vince|Any CPU.Build.0 = Release|Any CPU
		{833AD46A-DCE2-4D83-9D74-BF67BBE4396E}.Vince|Mixed Platforms.ActiveCfg = Release|Any CPU
		{833AD46A-DCE2-4D83-9D74-BF67BBE4396E}.Vince|Mixed Platforms.Build.0 = Release|Any CPU
		{833AD46A-DCE2-4D83-9D74-BF67BBE4396E}.Vince|x64.ActiveCfg = Release|Any CPU
		{833AD46A-DCE2-4D83-9D74-BF67BBE4396E}.Vince|x64.Build.0 = Release|Any CPU
		{833AD46A-DCE2-4D83-9D74-BF67BBE4396E}.Vince|x86.ActiveCfg = Release|Any CPU
		{833AD46A-DCE2-4D83-9D74-BF67BBE4396E}.Vince|x86.Build.0 = Release|Any CPU
	EndGlobalSection
	GlobalSection(SolutionProperties) = preSolution
		HideSolutionNode = FALSE
	EndGlobalSection
	GlobalSection(NestedProjects) = preSolution
		{4FBA617C-1ED8-411B-AE3D-3723BD77A7A2} = {4ED0E8DB-8A5B-4DF0-9CB1-995D97A04B88}
	EndGlobalSection
	GlobalSection(ExtensibilityGlobals) = postSolution
		SolutionGuid = {1C22C0C2-3375-4503-8953-C7E7AF271C25}
	EndGlobalSection
EndGlobal
