
Microsoft Visual Studio Solution File, Format Version 12.00
# Visual Studio 15
VisualStudioVersion = 15.0.26430.15
MinimumVisualStudioVersion = 10.0.40219.1
Project("{2150E333-8FDC-42A3-9474-1A3956D46DE8}") = "docs", "docs", "{4ED0E8DB-8A5B-4DF0-9CB1-995D97A04B88}"
	ProjectSection(SolutionItems) = preProject
		docs\api-client.md = docs\api-client.md
		docs\basic-concepts.md = docs\basic-concepts.md
		docs\binaries.md = docs\binaries.md
		docs\client-side-encryption.md = docs\client-side-encryption.md
		docs\documentation.md = docs\documentation.md
		docs\getting-started.md = docs\getting-started.md
		README.md = README.md
		docs\styling-elements.md = docs\styling-elements.md
		docs\styling-relationships.md = docs\styling-relationships.md
	EndProjectSection
EndProject
Project("{9A19103F-16F7-4668-BE54-9A1E7A4F7556}") = "Structurizr.Core", "Structurizr.Core\Structurizr.Core.csproj", "{2F8E45CF-19B0-4B49-B7C7-5A3F25A993BD}"
EndProject
Project("{9A19103F-16F7-4668-BE54-9A1E7A4F7556}") = "Structurizr.Core.Tests", "Structurizr.Core.Tests\Structurizr.Core.Tests.csproj", "{349666B0-A760-4F3D-9D10-BE5E90C4A5E7}"
EndProject
Project("{FAE04EC0-301F-11D3-BF4B-00C04F79EFBC}") = "Structurizr.Examples", "Structurizr.Examples\Structurizr.Examples.csproj", "{9BE0761B-F666-4691-9CF7-15CF6E911E17}"
EndProject
Project("{FAE04EC0-301F-11D3-BF4B-00C04F79EFBC}") = "Structurizr.Reflection", "Structurizr.Reflection\Structurizr.Reflection.csproj", "{05E515A6-209B-4771-8C6C-3A50646DF1F9}"
EndProject
Project("{FAE04EC0-301F-11D3-BF4B-00C04F79EFBC}") = "Structurizr.Roslyn", "Structurizr.Roslyn\Structurizr.Roslyn.csproj", "{B8276441-7DC2-4229-AEAF-CB6598D7DC73}"
EndProject
Global
	GlobalSection(SolutionConfigurationPlatforms) = preSolution
		Debug|Any CPU = Debug|Any CPU
		Release|Any CPU = Release|Any CPU
	EndGlobalSection
	GlobalSection(ProjectConfigurationPlatforms) = postSolution
		{2F8E45CF-19B0-4B49-B7C7-5A3F25A993BD}.Debug|Any CPU.ActiveCfg = Debug|Any CPU
		{2F8E45CF-19B0-4B49-B7C7-5A3F25A993BD}.Debug|Any CPU.Build.0 = Debug|Any CPU
		{2F8E45CF-19B0-4B49-B7C7-5A3F25A993BD}.Release|Any CPU.ActiveCfg = Release|Any CPU
		{2F8E45CF-19B0-4B49-B7C7-5A3F25A993BD}.Release|Any CPU.Build.0 = Release|Any CPU
		{349666B0-A760-4F3D-9D10-BE5E90C4A5E7}.Debug|Any CPU.ActiveCfg = Debug|Any CPU
		{349666B0-A760-4F3D-9D10-BE5E90C4A5E7}.Debug|Any CPU.Build.0 = Debug|Any CPU
		{349666B0-A760-4F3D-9D10-BE5E90C4A5E7}.Release|Any CPU.ActiveCfg = Release|Any CPU
		{349666B0-A760-4F3D-9D10-BE5E90C4A5E7}.Release|Any CPU.Build.0 = Release|Any CPU
		{9BE0761B-F666-4691-9CF7-15CF6E911E17}.Debug|Any CPU.ActiveCfg = Debug|Any CPU
		{9BE0761B-F666-4691-9CF7-15CF6E911E17}.Debug|Any CPU.Build.0 = Debug|Any CPU
		{9BE0761B-F666-4691-9CF7-15CF6E911E17}.Release|Any CPU.ActiveCfg = Release|Any CPU
		{9BE0761B-F666-4691-9CF7-15CF6E911E17}.Release|Any CPU.Build.0 = Release|Any CPU
		{05E515A6-209B-4771-8C6C-3A50646DF1F9}.Debug|Any CPU.ActiveCfg = Debug|Any CPU
		{05E515A6-209B-4771-8C6C-3A50646DF1F9}.Debug|Any CPU.Build.0 = Debug|Any CPU
		{05E515A6-209B-4771-8C6C-3A50646DF1F9}.Release|Any CPU.ActiveCfg = Release|Any CPU
		{05E515A6-209B-4771-8C6C-3A50646DF1F9}.Release|Any CPU.Build.0 = Release|Any CPU
		{B8276441-7DC2-4229-AEAF-CB6598D7DC73}.Debug|Any CPU.ActiveCfg = Debug|Any CPU
		{B8276441-7DC2-4229-AEAF-CB6598D7DC73}.Debug|Any CPU.Build.0 = Debug|Any CPU
		{B8276441-7DC2-4229-AEAF-CB6598D7DC73}.Release|Any CPU.ActiveCfg = Release|Any CPU
		{B8276441-7DC2-4229-AEAF-CB6598D7DC73}.Release|Any CPU.Build.0 = Release|Any CPU
	EndGlobalSection
	GlobalSection(SolutionProperties) = preSolution
		HideSolutionNode = FALSE
	EndGlobalSection
EndGlobal
